
Microsoft Visual Studio Solution File, Format Version 12.00
# Visual Studio 15
VisualStudioVersion = 15.0.28307.852
MinimumVisualStudioVersion = 10.0.40219.1
Project("{FAE04EC0-301F-11D3-BF4B-00C04F79EFBC}") = "SumateDos", "SumateDos.csproj", "{357255D2-72AF-4BE5-BFA8-D6E9CCFB7BF0}"
EndProject
Project("{FAE04EC0-301F-11D3-BF4B-00C04F79EFBC}") = "ModeloNegocios", "..\ModeloNegocios\ModeloNegocios.csproj", "{E14A3BBB-0A9D-47BC-8109-A800435FC3C2}"
EndProject
Project("{FAE04EC0-301F-11D3-BF4B-00C04F79EFBC}") = "ModeloEntidades", "..\ModeloEntidades\ModeloEntidades.csproj", "{EB574943-CCCD-4B22-B3D3-DC07B46DB3BA}"
EndProject
Global
	GlobalSection(SolutionConfigurationPlatforms) = preSolution
		Debug|Any CPU = Debug|Any CPU
		Release|Any CPU = Release|Any CPU
	EndGlobalSection
	GlobalSection(ProjectConfigurationPlatforms) = postSolution
		{357255D2-72AF-4BE5-BFA8-D6E9CCFB7BF0}.Debug|Any CPU.ActiveCfg = Debug|Any CPU
		{357255D2-72AF-4BE5-BFA8-D6E9CCFB7BF0}.Debug|Any CPU.Build.0 = Debug|Any CPU
		{357255D2-72AF-4BE5-BFA8-D6E9CCFB7BF0}.Release|Any CPU.ActiveCfg = Release|Any CPU
		{357255D2-72AF-4BE5-BFA8-D6E9CCFB7BF0}.Release|Any CPU.Build.0 = Release|Any CPU
		{E14A3BBB-0A9D-47BC-8109-A800435FC3C2}.Debug|Any CPU.ActiveCfg = Debug|Any CPU
		{E14A3BBB-0A9D-47BC-8109-A800435FC3C2}.Debug|Any CPU.Build.0 = Debug|Any CPU
		{E14A3BBB-0A9D-47BC-8109-A800435FC3C2}.Release|Any CPU.ActiveCfg = Release|Any CPU
		{E14A3BBB-0A9D-47BC-8109-A800435FC3C2}.Release|Any CPU.Build.0 = Release|Any CPU
		{EB574943-CCCD-4B22-B3D3-DC07B46DB3BA}.Debug|Any CPU.ActiveCfg = Debug|Any CPU
		{EB574943-CCCD-4B22-B3D3-DC07B46DB3BA}.Debug|Any CPU.Build.0 = Debug|Any CPU
		{EB574943-CCCD-4B22-B3D3-DC07B46DB3BA}.Release|Any CPU.ActiveCfg = Release|Any CPU
		{EB574943-CCCD-4B22-B3D3-DC07B46DB3BA}.Release|Any CPU.Build.0 = Release|Any CPU
	EndGlobalSection
	GlobalSection(SolutionProperties) = preSolution
		HideSolutionNode = FALSE
	EndGlobalSection
	GlobalSection(ExtensibilityGlobals) = postSolution
		SolutionGuid = {7D8A24F2-7FA0-4C0B-9ABB-CE7A96F75EB6}
	EndGlobalSection
EndGlobal
