
Microsoft Visual Studio Solution File, Format Version 12.00
# Visual Studio Version 16
VisualStudioVersion = 16.0.29519.87
MinimumVisualStudioVersion = 10.0.40219.1
Project("{FAE04EC0-301F-11D3-BF4B-00C04F79EFBC}") = "SumateDos", "SumateDos.csproj", "{357255D2-72AF-4BE5-BFA8-D6E9CCFB7BF0}"
EndProject
Project("{FAE04EC0-301F-11D3-BF4B-00C04F79EFBC}") = "AccesoADatos", "..\AccesoADatos\AccesoADatos.csproj", "{64EC07C4-CC6C-4C8A-AEC6-CC0E9694E238}"
EndProject
Project("{FAE04EC0-301F-11D3-BF4B-00C04F79EFBC}") = "Modelo", "..\Modelo\Modelo.csproj", "{F4F5DEAC-C882-4949-A196-DD59A96DFB32}"
EndProject
Global
	GlobalSection(SolutionConfigurationPlatforms) = preSolution
		Debug|Any CPU = Debug|Any CPU
		Release|Any CPU = Release|Any CPU
	EndGlobalSection
	GlobalSection(ProjectConfigurationPlatforms) = postSolution
		{357255D2-72AF-4BE5-BFA8-D6E9CCFB7BF0}.Debug|Any CPU.ActiveCfg = Debug|Any CPU
		{357255D2-72AF-4BE5-BFA8-D6E9CCFB7BF0}.Debug|Any CPU.Build.0 = Debug|Any CPU
		{357255D2-72AF-4BE5-BFA8-D6E9CCFB7BF0}.Release|Any CPU.ActiveCfg = Release|Any CPU
		{357255D2-72AF-4BE5-BFA8-D6E9CCFB7BF0}.Release|Any CPU.Build.0 = Release|Any CPU
		{64EC07C4-CC6C-4C8A-AEC6-CC0E9694E238}.Debug|Any CPU.ActiveCfg = Debug|Any CPU
		{64EC07C4-CC6C-4C8A-AEC6-CC0E9694E238}.Debug|Any CPU.Build.0 = Debug|Any CPU
		{64EC07C4-CC6C-4C8A-AEC6-CC0E9694E238}.Release|Any CPU.ActiveCfg = Release|Any CPU
		{64EC07C4-CC6C-4C8A-AEC6-CC0E9694E238}.Release|Any CPU.Build.0 = Release|Any CPU
		{F4F5DEAC-C882-4949-A196-DD59A96DFB32}.Debug|Any CPU.ActiveCfg = Debug|Any CPU
		{F4F5DEAC-C882-4949-A196-DD59A96DFB32}.Debug|Any CPU.Build.0 = Debug|Any CPU
		{F4F5DEAC-C882-4949-A196-DD59A96DFB32}.Release|Any CPU.ActiveCfg = Release|Any CPU
		{F4F5DEAC-C882-4949-A196-DD59A96DFB32}.Release|Any CPU.Build.0 = Release|Any CPU
	EndGlobalSection
	GlobalSection(SolutionProperties) = preSolution
		HideSolutionNode = FALSE
	EndGlobalSection
	GlobalSection(ExtensibilityGlobals) = postSolution
		SolutionGuid = {7D8A24F2-7FA0-4C0B-9ABB-CE7A96F75EB6}
	EndGlobalSection
EndGlobal
